// !$*UTF8*$!
{
	archiveVersion = 1;
	classes = {
	};
	objectVersion = 48;
	objects = {

/* Begin PBXBuildFile section */
		75070D4720887CEA009C8C22 /* Colors.swift in Sources */ = {isa = PBXBuildFile; fileRef = 75070D4620887CEA009C8C22 /* Colors.swift */; };
		75070D49208882D3009C8C22 /* Breeds.json in Resources */ = {isa = PBXBuildFile; fileRef = 75070D48208882D3009C8C22 /* Breeds.json */; };
		752DBEBD208890FF0094859E /* DogBreed.swift in Sources */ = {isa = PBXBuildFile; fileRef = 752DBEBC208890FF0094859E /* DogBreed.swift */; };
		7537631D2075E786003AC3B9 /* DogFact.swift in Sources */ = {isa = PBXBuildFile; fileRef = 7537631C2075E786003AC3B9 /* DogFact.swift */; };
		754C764D207DCD8A00FB1991 /* FactCollectionViewCell.swift in Sources */ = {isa = PBXBuildFile; fileRef = 754C764C207DCD8A00FB1991 /* FactCollectionViewCell.swift */; };
		754C764F207DD34F00FB1991 /* HomeViewController.swift in Sources */ = {isa = PBXBuildFile; fileRef = 754C764E207DD34F00FB1991 /* HomeViewController.swift */; };
		755C7BDC208996A30020AA64 /* BreedCollectionViewCell.swift in Sources */ = {isa = PBXBuildFile; fileRef = 755C7BDB208996A30020AA64 /* BreedCollectionViewCell.swift */; };
		757A1C942060B61B006E6FCC /* AppDelegate.swift in Sources */ = {isa = PBXBuildFile; fileRef = 757A1C932060B61B006E6FCC /* AppDelegate.swift */; };
		757A1C982060B61B006E6FCC /* SecondViewController.swift in Sources */ = {isa = PBXBuildFile; fileRef = 757A1C972060B61B006E6FCC /* SecondViewController.swift */; };
		757A1C9B2060B61B006E6FCC /* Main.storyboard in Resources */ = {isa = PBXBuildFile; fileRef = 757A1C992060B61B006E6FCC /* Main.storyboard */; };
		757A1C9D2060B61B006E6FCC /* Assets.xcassets in Resources */ = {isa = PBXBuildFile; fileRef = 757A1C9C2060B61B006E6FCC /* Assets.xcassets */; };
		757A1CA02060B61B006E6FCC /* LaunchScreen.storyboard in Resources */ = {isa = PBXBuildFile; fileRef = 757A1C9E2060B61B006E6FCC /* LaunchScreen.storyboard */; };
/* End PBXBuildFile section */

/* Begin PBXFileReference section */
		75070D4620887CEA009C8C22 /* Colors.swift */ = {isa = PBXFileReference; lastKnownFileType = sourcecode.swift; path = Colors.swift; sourceTree = "<group>"; };
		75070D48208882D3009C8C22 /* Breeds.json */ = {isa = PBXFileReference; lastKnownFileType = text.json; path = Breeds.json; sourceTree = "<group>"; };
		752DBEBC208890FF0094859E /* DogBreed.swift */ = {isa = PBXFileReference; lastKnownFileType = sourcecode.swift; path = DogBreed.swift; sourceTree = "<group>"; };
		7537631C2075E786003AC3B9 /* DogFact.swift */ = {isa = PBXFileReference; lastKnownFileType = sourcecode.swift; path = DogFact.swift; sourceTree = "<group>"; };
		754C764C207DCD8A00FB1991 /* FactCollectionViewCell.swift */ = {isa = PBXFileReference; lastKnownFileType = sourcecode.swift; path = FactCollectionViewCell.swift; sourceTree = "<group>"; };
		754C764E207DD34F00FB1991 /* HomeViewController.swift */ = {isa = PBXFileReference; lastKnownFileType = sourcecode.swift; path = HomeViewController.swift; sourceTree = "<group>"; };
		755C7BDB208996A30020AA64 /* BreedCollectionViewCell.swift */ = {isa = PBXFileReference; lastKnownFileType = sourcecode.swift; path = BreedCollectionViewCell.swift; sourceTree = "<group>"; };
		757A1C902060B61B006E6FCC /* Doge Breeds.app */ = {isa = PBXFileReference; explicitFileType = wrapper.application; includeInIndex = 0; path = "Doge Breeds.app"; sourceTree = BUILT_PRODUCTS_DIR; };
		757A1C932060B61B006E6FCC /* AppDelegate.swift */ = {isa = PBXFileReference; lastKnownFileType = sourcecode.swift; path = AppDelegate.swift; sourceTree = "<group>"; };
		757A1C972060B61B006E6FCC /* SecondViewController.swift */ = {isa = PBXFileReference; lastKnownFileType = sourcecode.swift; path = SecondViewController.swift; sourceTree = "<group>"; };
		757A1C9A2060B61B006E6FCC /* Base */ = {isa = PBXFileReference; lastKnownFileType = file.storyboard; name = Base; path = Base.lproj/Main.storyboard; sourceTree = "<group>"; };
		757A1C9C2060B61B006E6FCC /* Assets.xcassets */ = {isa = PBXFileReference; lastKnownFileType = folder.assetcatalog; path = Assets.xcassets; sourceTree = "<group>"; };
		757A1C9F2060B61B006E6FCC /* Base */ = {isa = PBXFileReference; lastKnownFileType = file.storyboard; name = Base; path = Base.lproj/LaunchScreen.storyboard; sourceTree = "<group>"; };
		757A1CA12060B61B006E6FCC /* Info.plist */ = {isa = PBXFileReference; lastKnownFileType = text.plist.xml; path = Info.plist; sourceTree = "<group>"; };
/* End PBXFileReference section */

/* Begin PBXFrameworksBuildPhase section */
		757A1C8D2060B61B006E6FCC /* Frameworks */ = {
			isa = PBXFrameworksBuildPhase;
			buildActionMask = 2147483647;
			files = (
			);
			runOnlyForDeploymentPostprocessing = 0;
		};
/* End PBXFrameworksBuildPhase section */

/* Begin PBXGroup section */
		75070D4520887CC4009C8C22 /* Utils */ = {
			isa = PBXGroup;
			children = (
				75070D4620887CEA009C8C22 /* Colors.swift */,
				75070D48208882D3009C8C22 /* Breeds.json */,
			);
			path = Utils;
			sourceTree = "<group>";
		};
		7537631B2075E751003AC3B9 /* Model */ = {
			isa = PBXGroup;
			children = (
				7537631C2075E786003AC3B9 /* DogFact.swift */,
				752DBEBC208890FF0094859E /* DogBreed.swift */,
			);
			path = Model;
			sourceTree = "<group>";
		};
		754C7650207DD90600FB1991 /* HomeScreen */ = {
			isa = PBXGroup;
			children = (
				754C764C207DCD8A00FB1991 /* FactCollectionViewCell.swift */,
				754C764E207DD34F00FB1991 /* HomeViewController.swift */,
				755C7BDB208996A30020AA64 /* BreedCollectionViewCell.swift */,
			);
			path = HomeScreen;
			sourceTree = "<group>";
		};
		757A1C872060B61B006E6FCC = {
			isa = PBXGroup;
			children = (
				757A1C922060B61B006E6FCC /* Doge Breeds */,
				757A1C912060B61B006E6FCC /* Products */,
			);
			sourceTree = "<group>";
		};
		757A1C912060B61B006E6FCC /* Products */ = {
			isa = PBXGroup;
			children = (
				757A1C902060B61B006E6FCC /* Doge Breeds.app */,
			);
			name = Products;
			sourceTree = "<group>";
		};
		757A1C922060B61B006E6FCC /* Doge Breeds */ = {
			isa = PBXGroup;
			children = (
				75070D4520887CC4009C8C22 /* Utils */,
				754C7650207DD90600FB1991 /* HomeScreen */,
				7537631B2075E751003AC3B9 /* Model */,
				757A1C932060B61B006E6FCC /* AppDelegate.swift */,
				757A1C972060B61B006E6FCC /* SecondViewController.swift */,
				757A1C992060B61B006E6FCC /* Main.storyboard */,
				757A1C9C2060B61B006E6FCC /* Assets.xcassets */,
				757A1C9E2060B61B006E6FCC /* LaunchScreen.storyboard */,
				757A1CA12060B61B006E6FCC /* Info.plist */,
			);
			path = "Doge Breeds";
			sourceTree = "<group>";
		};
/* End PBXGroup section */

/* Begin PBXNativeTarget section */
		757A1C8F2060B61B006E6FCC /* Doge Breeds */ = {
			isa = PBXNativeTarget;
			buildConfigurationList = 757A1CA42060B61B006E6FCC /* Build configuration list for PBXNativeTarget "Doge Breeds" */;
			buildPhases = (
				757A1C8C2060B61B006E6FCC /* Sources */,
				757A1C8D2060B61B006E6FCC /* Frameworks */,
				757A1C8E2060B61B006E6FCC /* Resources */,
			);
			buildRules = (
			);
			dependencies = (
			);
			name = "Doge Breeds";
			productName = "Doge Breeds";
			productReference = 757A1C902060B61B006E6FCC /* Doge Breeds.app */;
			productType = "com.apple.product-type.application";
		};
/* End PBXNativeTarget section */

/* Begin PBXProject section */
		757A1C882060B61B006E6FCC /* Project object */ = {
			isa = PBXProject;
			attributes = {
				LastSwiftUpdateCheck = 0920;
				LastUpgradeCheck = 0920;
				ORGANIZATIONNAME = "Cristian Ponce";
				TargetAttributes = {
					757A1C8F2060B61B006E6FCC = {
						CreatedOnToolsVersion = 9.2;
						ProvisioningStyle = Automatic;
					};
				};
			};
			buildConfigurationList = 757A1C8B2060B61B006E6FCC /* Build configuration list for PBXProject "Doge Breeds" */;
			compatibilityVersion = "Xcode 8.0";
			developmentRegion = en;
			hasScannedForEncodings = 0;
			knownRegions = (
				en,
				Base,
			);
			mainGroup = 757A1C872060B61B006E6FCC;
			productRefGroup = 757A1C912060B61B006E6FCC /* Products */;
			projectDirPath = "";
			projectRoot = "";
			targets = (
				757A1C8F2060B61B006E6FCC /* Doge Breeds */,
			);
		};
/* End PBXProject section */

/* Begin PBXResourcesBuildPhase section */
		757A1C8E2060B61B006E6FCC /* Resources */ = {
			isa = PBXResourcesBuildPhase;
			buildActionMask = 2147483647;
			files = (
				75070D49208882D3009C8C22 /* Breeds.json in Resources */,
				757A1CA02060B61B006E6FCC /* LaunchScreen.storyboard in Resources */,
				757A1C9D2060B61B006E6FCC /* Assets.xcassets in Resources */,
				757A1C9B2060B61B006E6FCC /* Main.storyboard in Resources */,
			);
			runOnlyForDeploymentPostprocessing = 0;
		};
/* End PBXResourcesBuildPhase section */

/* Begin PBXSourcesBuildPhase section */
		757A1C8C2060B61B006E6FCC /* Sources */ = {
			isa = PBXSourcesBuildPhase;
			buildActionMask = 2147483647;
			files = (
				755C7BDC208996A30020AA64 /* BreedCollectionViewCell.swift in Sources */,
				754C764F207DD34F00FB1991 /* HomeViewController.swift in Sources */,
				75070D4720887CEA009C8C22 /* Colors.swift in Sources */,
				7537631D2075E786003AC3B9 /* DogFact.swift in Sources */,
				757A1C982060B61B006E6FCC /* SecondViewController.swift in Sources */,
				752DBEBD208890FF0094859E /* DogBreed.swift in Sources */,
				757A1C942060B61B006E6FCC /* AppDelegate.swift in Sources */,
				754C764D207DCD8A00FB1991 /* FactCollectionViewCell.swift in Sources */,
			);
			runOnlyForDeploymentPostprocessing = 0;
		};
/* End PBXSourcesBuildPhase section */

/* Begin PBXVariantGroup section */
		757A1C992060B61B006E6FCC /* Main.storyboard */ = {
			isa = PBXVariantGroup;
			children = (
				757A1C9A2060B61B006E6FCC /* Base */,
			);
			name = Main.storyboard;
			sourceTree = "<group>";
		};
		757A1C9E2060B61B006E6FCC /* LaunchScreen.storyboard */ = {
			isa = PBXVariantGroup;
			children = (
				757A1C9F2060B61B006E6FCC /* Base */,
			);
			name = LaunchScreen.storyboard;
			sourceTree = "<group>";
		};
/* End PBXVariantGroup section */

/* Begin XCBuildConfiguration section */
		757A1CA22060B61B006E6FCC /* Debug */ = {
			isa = XCBuildConfiguration;
			buildSettings = {
				ALWAYS_SEARCH_USER_PATHS = NO;
				CLANG_ANALYZER_NONNULL = YES;
				CLANG_ANALYZER_NUMBER_OBJECT_CONVERSION = YES_AGGRESSIVE;
				CLANG_CXX_LANGUAGE_STANDARD = "gnu++14";
				CLANG_CXX_LIBRARY = "libc++";
				CLANG_ENABLE_MODULES = YES;
				CLANG_ENABLE_OBJC_ARC = YES;
				CLANG_WARN_BLOCK_CAPTURE_AUTORELEASING = YES;
				CLANG_WARN_BOOL_CONVERSION = YES;
				CLANG_WARN_COMMA = YES;
				CLANG_WARN_CONSTANT_CONVERSION = YES;
				CLANG_WARN_DIRECT_OBJC_ISA_USAGE = YES_ERROR;
				CLANG_WARN_DOCUMENTATION_COMMENTS = YES;
				CLANG_WARN_EMPTY_BODY = YES;
				CLANG_WARN_ENUM_CONVERSION = YES;
				CLANG_WARN_INFINITE_RECURSION = YES;
				CLANG_WARN_INT_CONVERSION = YES;
				CLANG_WARN_NON_LITERAL_NULL_CONVERSION = YES;
				CLANG_WARN_OBJC_LITERAL_CONVERSION = YES;
				CLANG_WARN_OBJC_ROOT_CLASS = YES_ERROR;
				CLANG_WARN_RANGE_LOOP_ANALYSIS = YES;
				CLANG_WARN_STRICT_PROTOTYPES = YES;
				CLANG_WARN_SUSPICIOUS_MOVE = YES;
				CLANG_WARN_UNGUARDED_AVAILABILITY = YES_AGGRESSIVE;
				CLANG_WARN_UNREACHABLE_CODE = YES;
				CLANG_WARN__DUPLICATE_METHOD_MATCH = YES;
				CODE_SIGN_IDENTITY = "iPhone Developer";
				COPY_PHASE_STRIP = NO;
				DEBUG_INFORMATION_FORMAT = dwarf;
				ENABLE_STRICT_OBJC_MSGSEND = YES;
				ENABLE_TESTABILITY = YES;
				GCC_C_LANGUAGE_STANDARD = gnu11;
				GCC_DYNAMIC_NO_PIC = NO;
				GCC_NO_COMMON_BLOCKS = YES;
				GCC_OPTIMIZATION_LEVEL = 0;
				GCC_PREPROCESSOR_DEFINITIONS = (
					"DEBUG=1",
					"$(inherited)",
				);
				GCC_WARN_64_TO_32_BIT_CONVERSION = YES;
				GCC_WARN_ABOUT_RETURN_TYPE = YES_ERROR;
				GCC_WARN_UNDECLARED_SELECTOR = YES;
				GCC_WARN_UNINITIALIZED_AUTOS = YES_AGGRESSIVE;
				GCC_WARN_UNUSED_FUNCTION = YES;
				GCC_WARN_UNUSED_VARIABLE = YES;
				IPHONEOS_DEPLOYMENT_TARGET = 11.2;
				MTL_ENABLE_DEBUG_INFO = YES;
				ONLY_ACTIVE_ARCH = YES;
				SDKROOT = iphoneos;
				SWIFT_ACTIVE_COMPILATION_CONDITIONS = DEBUG;
				SWIFT_OPTIMIZATION_LEVEL = "-Onone";
			};
			name = Debug;
		};
		757A1CA32060B61B006E6FCC /* Release */ = {
			isa = XCBuildConfiguration;
			buildSettings = {
				ALWAYS_SEARCH_USER_PATHS = NO;
				CLANG_ANALYZER_NONNULL = YES;
				CLANG_ANALYZER_NUMBER_OBJECT_CONVERSION = YES_AGGRESSIVE;
				CLANG_CXX_LANGUAGE_STANDARD = "gnu++14";
				CLANG_CXX_LIBRARY = "libc++";
				CLANG_ENABLE_MODULES = YES;
				CLANG_ENABLE_OBJC_ARC = YES;
				CLANG_WARN_BLOCK_CAPTURE_AUTORELEASING = YES;
				CLANG_WARN_BOOL_CONVERSION = YES;
				CLANG_WARN_COMMA = YES;
				CLANG_WARN_CONSTANT_CONVERSION = YES;
				CLANG_WARN_DIRECT_OBJC_ISA_USAGE = YES_ERROR;
				CLANG_WARN_DOCUMENTATION_COMMENTS = YES;
				CLANG_WARN_EMPTY_BODY = YES;
				CLANG_WARN_ENUM_CONVERSION = YES;
				CLANG_WARN_INFINITE_RECURSION = YES;
				CLANG_WARN_INT_CONVERSION = YES;
				CLANG_WARN_NON_LITERAL_NULL_CONVERSION = YES;
				CLANG_WARN_OBJC_LITERAL_CONVERSION = YES;
				CLANG_WARN_OBJC_ROOT_CLASS = YES_ERROR;
				CLANG_WARN_RANGE_LOOP_ANALYSIS = YES;
				CLANG_WARN_STRICT_PROTOTYPES = YES;
				CLANG_WARN_SUSPICIOUS_MOVE = YES;
				CLANG_WARN_UNGUARDED_AVAILABILITY = YES_AGGRESSIVE;
				CLANG_WARN_UNREACHABLE_CODE = YES;
				CLANG_WARN__DUPLICATE_METHOD_MATCH = YES;
				CODE_SIGN_IDENTITY = "iPhone Developer";
				COPY_PHASE_STRIP = NO;
				DEBUG_INFORMATION_FORMAT = "dwarf-with-dsym";
				ENABLE_NS_ASSERTIONS = NO;
				ENABLE_STRICT_OBJC_MSGSEND = YES;
				GCC_C_LANGUAGE_STANDARD = gnu11;
				GCC_NO_COMMON_BLOCKS = YES;
				GCC_WARN_64_TO_32_BIT_CONVERSION = YES;
				GCC_WARN_ABOUT_RETURN_TYPE = YES_ERROR;
				GCC_WARN_UNDECLARED_SELECTOR = YES;
				GCC_WARN_UNINITIALIZED_AUTOS = YES_AGGRESSIVE;
				GCC_WARN_UNUSED_FUNCTION = YES;
				GCC_WARN_UNUSED_VARIABLE = YES;
				IPHONEOS_DEPLOYMENT_TARGET = 11.2;
				MTL_ENABLE_DEBUG_INFO = NO;
				SDKROOT = iphoneos;
				SWIFT_OPTIMIZATION_LEVEL = "-Owholemodule";
				VALIDATE_PRODUCT = YES;
			};
			name = Release;
		};
		757A1CA52060B61B006E6FCC /* Debug */ = {
			isa = XCBuildConfiguration;
			buildSettings = {
				ASSETCATALOG_COMPILER_APPICON_NAME = AppIcon;
				CODE_SIGN_STYLE = Automatic;
				DEVELOPMENT_TEAM = T7BV7358TT;
				INFOPLIST_FILE = "Doge Breeds/Info.plist";
				LD_RUNPATH_SEARCH_PATHS = "$(inherited) @executable_path/Frameworks";
				PRODUCT_BUNDLE_IDENTIFIER = "com.crispcrafts.Doge-Breeds";
				PRODUCT_NAME = "$(TARGET_NAME)";
				SWIFT_VERSION = 4.0;
				TARGETED_DEVICE_FAMILY = "1,2";
			};
			name = Debug;
		};
		757A1CA62060B61B006E6FCC /* Release */ = {
			isa = XCBuildConfiguration;
			buildSettings = {
				ASSETCATALOG_COMPILER_APPICON_NAME = AppIcon;
				CODE_SIGN_STYLE = Automatic;
				DEVELOPMENT_TEAM = T7BV7358TT;
				INFOPLIST_FILE = "Doge Breeds/Info.plist";
				LD_RUNPATH_SEARCH_PATHS = "$(inherited) @executable_path/Frameworks";
				PRODUCT_BUNDLE_IDENTIFIER = "com.crispcrafts.Doge-Breeds";
				PRODUCT_NAME = "$(TARGET_NAME)";
				SWIFT_VERSION = 4.0;
				TARGETED_DEVICE_FAMILY = "1,2";
			};
			name = Release;
		};
/* End XCBuildConfiguration section */

/* Begin XCConfigurationList section */
		757A1C8B2060B61B006E6FCC /* Build configuration list for PBXProject "Doge Breeds" */ = {
			isa = XCConfigurationList;
			buildConfigurations = (
				757A1CA22060B61B006E6FCC /* Debug */,
				757A1CA32060B61B006E6FCC /* Release */,
			);
			defaultConfigurationIsVisible = 0;
			defaultConfigurationName = Release;
		};
		757A1CA42060B61B006E6FCC /* Build configuration list for PBXNativeTarget "Doge Breeds" */ = {
			isa = XCConfigurationList;
			buildConfigurations = (
				757A1CA52060B61B006E6FCC /* Debug */,
				757A1CA62060B61B006E6FCC /* Release */,
			);
			defaultConfigurationIsVisible = 0;
			defaultConfigurationName = Release;
		};
/* End XCConfigurationList section */
	};
	rootObject = 757A1C882060B61B006E6FCC /* Project object */;
}
